
Microsoft Visual Studio Solution File, Format Version 12.00
# Visual Studio Version 17
VisualStudioVersion = 17.12.35521.163 d17.12
MinimumVisualStudioVersion = 10.0.40219.1
Project("{FAE04EC0-301F-11D3-BF4B-00C04F79EFBC}") = "group project pos", "group project pos.csproj", "{431720FC-3C59-43FE-95D3-CA1C689BB364}"
EndProject
Global
	GlobalSection(SolutionConfigurationPlatforms) = preSolution
		Debug|Any CPU = Debug|Any CPU
		Release|Any CPU = Release|Any CPU
	EndGlobalSection
	GlobalSection(ProjectConfigurationPlatforms) = postSolution
		{431720FC-3C59-43FE-95D3-CA1C689BB364}.Debug|Any CPU.ActiveCfg = Debug|Any CPU
		{431720FC-3C59-43FE-95D3-CA1C689BB364}.Debug|Any CPU.Build.0 = Debug|Any CPU
		{431720FC-3C59-43FE-95D3-CA1C689BB364}.Release|Any CPU.ActiveCfg = Release|Any CPU
		{431720FC-3C59-43FE-95D3-CA1C689BB364}.Release|Any CPU.Build.0 = Release|Any CPU
	EndGlobalSection
	GlobalSection(SolutionProperties) = preSolution
		HideSolutionNode = FALSE
	EndGlobalSection
EndGlobal
